{
  "nodes": {
    "home-manager": {
      "inputs": {
        "nixpkgs": [
          "nixpkgs"
        ]
      },
      "locked": {
        "lastModified": 1786999651,
        "narHash": "sha256-MTGMFlLDTklsXhCp4r5GXB4VAVadPdalXLvUjd/K7h0=",
        "owner": "nix-community",
        "repo": "home-manager",
        "rev": "353742587cbaf079b3caee743115d037bc51fea6",
        "type": "github"
      },
      "original": {
        "owner": "nix-community",
        "repo": "home-manager",
        "type": "github"
      }
    },
    "ly-community": {
      "flake": false,
      "locked": {
        "lastModified": 1783331194,
        "narHash": "sha256-BQhlvWmEkXNpbUgtGBzbHjdQwRa2jxHhBBNu8sVzIDQ=",
        "ref": "refs/heads/main",
        "rev": "2f22cfaf7d17598c8f60f562d56e16d74b6c99ab",
        "revCount": 4,
        "type": "git",
        "url": "https://codeberg.org/fairyglade/ly-community.git"
      },
      "original": {
        "type": "git",
        "url": "https://codeberg.org/fairyglade/ly-community.git"
      }
    },
    "nixpkgs": {
      "locked": {
        "lastModified": 1786862985,
        "narHash": "sha256-FBJRXmbGXiSUDvYEbfLYRkckayyZ6SK1UEqhCrIZ2Cs=",
        "owner": "NixOS",
        "repo": "nixpkgs",
        "rev": "e5bdc4a41d4c072fe1e3787eaa0320a384741d44",
        "type": "github"
      },
      "original": {
        "owner": "NixOS",
        "ref": "nixos-unstable",
        "repo": "nixpkgs",
        "type": "github"
      }
    },
    "qs-hyprview": {
      "flake": false,
      "locked": {
        "lastModified": 1787010425,
        "narHash": "sha256-prHZfgwgUYH3SjpWDC3a0uEn6bW2BcDxsg+faP/9SxY=",
        "owner": "Meziu",
        "repo": "qs-hyprview",
        "rev": "b012b1abfa64db13ed02773bbd27bd16c86d0cbb",
        "type": "github"
      },
      "original": {
        "owner": "Meziu",
        "repo": "qs-hyprview",
        "type": "github"
      }
    },
    "root": {
      "inputs": {
        "home-manager": "home-manager",
        "ly-community": "ly-community",
        "nixpkgs": "nixpkgs",
        "qs-hyprview": "qs-hyprview"
      }
    }
  },
  "root": "root",
  "version": 7
}
