{
  "nodes": {
    "home-manager": {
      "inputs": {
        "nixpkgs": [
          "nixpkgs"
        ]
      },
      "locked": {
        "lastModified": 1788651960,
        "narHash": "sha256-v9wJd32eZ2bvhBzVOd7TIjLQd011P7nwOhjKtWlci5I=",
        "owner": "nix-community",
        "repo": "home-manager",
        "rev": "2c0350c759688177331b8f5242311fae8877bdb3",
        "type": "github"
      },
      "original": {
        "owner": "nix-community",
        "repo": "home-manager",
        "type": "github"
      }
    },
    "ly-community": {
      "flake": false,
      "locked": {
        "lastModified": 1787501343,
        "narHash": "sha256-VIGoo+4SCU3VLeQ9iw2Bj2hK/iIzMwmFI5Kox3p/CNM=",
        "ref": "refs/heads/main",
        "rev": "fd85d8584545433520f34fb25584b17280f4c0b9",
        "revCount": 5,
        "type": "git",
        "url": "https://codeberg.org/fairyglade/ly-community"
      },
      "original": {
        "type": "git",
        "url": "https://codeberg.org/fairyglade/ly-community"
      }
    },
    "nixpkgs": {
      "locked": {
        "lastModified": 1788752844,
        "narHash": "sha256-VaWGJ6+cIYN2erfSecbRV+4ljI185Ty2wUrXyvQbgOw=",
        "owner": "NixOS",
        "repo": "nixpkgs",
        "rev": "dc5d91f840324650bac8c379428c7037a416959a",
        "type": "github"
      },
      "original": {
        "owner": "NixOS",
        "ref": "nixos-unstable",
        "repo": "nixpkgs",
        "type": "github"
      }
    },
    "qs-hyprview": {
      "flake": false,
      "locked": {
        "lastModified": 1787520051,
        "narHash": "sha256-gDsbqtEDL1K9GE4shu1Ed1YG232+cMgzKAzPEnjaJNQ=",
        "owner": "Meziu",
        "repo": "qs-hyprview",
        "rev": "eeba637fe0953edc96e985673f10e3ada87cb2d8",
        "type": "github"
      },
      "original": {
        "owner": "Meziu",
        "repo": "qs-hyprview",
        "type": "github"
      }
    },
    "root": {
      "inputs": {
        "home-manager": "home-manager",
        "ly-community": "ly-community",
        "nixpkgs": "nixpkgs",
        "qs-hyprview": "qs-hyprview",
        "ventureshell": "ventureshell"
      }
    },
    "ventureshell": {
      "flake": false,
      "locked": {
        "lastModified": 1790334261,
        "narHash": "sha256-aP1O81r8FjqqYa2m/wXvFR1hQe2jbZ4NqzTvIiKHNiI=",
        "owner": "Meziu",
        "repo": "ventureshell",
        "rev": "7637777d5b7a55a6ba5ee3ad3c16e62df79a3be3",
        "type": "github"
      },
      "original": {
        "owner": "Meziu",
        "repo": "ventureshell",
        "type": "github"
      }
    }
  },
  "root": "root",
  "version": 7
}
